
Microsoft Visual Studio Solution File, Format Version 9.00
# Visual C# Express 2005
Project("{FAE04EC0-301F-11D3-BF4B-00C04F79EFBC}") = "MonoTorrent.GUI", "MonoTorrent.GUI.csproj", "{4DC08FDB-2987-44CE-948A-A71D78D0AB69}"
EndProject
Global
	GlobalSection(SolutionConfigurationPlatforms) = preSolution
		Debug|Any CPU = Debug|Any CPU
		Release|Any CPU = Release|Any CPU
	EndGlobalSection
	GlobalSection(ProjectConfigurationPlatforms) = postSolution
		{4DC08FDB-2987-44CE-948A-A71D78D0AB69}.Debug|Any CPU.ActiveCfg = Debug|Any CPU
		{4DC08FDB-2987-44CE-948A-A71D78D0AB69}.Debug|Any CPU.Build.0 = Debug|Any CPU
		{4DC08FDB-2987-44CE-948A-A71D78D0AB69}.Release|Any CPU.ActiveCfg = Release|Any CPU
		{4DC08FDB-2987-44CE-948A-A71D78D0AB69}.Release|Any CPU.Build.0 = Release|Any CPU
	EndGlobalSection
	GlobalSection(SolutionProperties) = preSolution
		HideSolutionNode = FALSE
	EndGlobalSection
EndGlobal
